Microsoft Visual Studio Solution File, Format Version 11.00
# Visual Studio 2010
Project("{8BC9CEB8-8B4A-11D0-8D11-00A0C91BC942}") = "xyzzy_mak", "src\xyzzy_mak.vcxproj", "{1A59C6A3-2169-4B39-9ABC-94C411E21F3D}"
EndProject
Project("{8BC9CEB8-8B4A-11D0-8D11-00A0C91BC942}") = "xyzzy", "src\xyzzy.vcxproj", "{8E447303-073A-4162-A6BE-844804A90DD1}"
EndProject
Global
	GlobalSection(SolutionConfigurationPlatforms) = preSolution
		Debug|Win32 = Debug|Win32
		Release|Win32 = Release|Win32
	EndGlobalSection
	GlobalSection(ProjectConfigurationPlatforms) = postSolution
		{1A59C6A3-2169-4B39-9ABC-94C411E21F3D}.Debug|Win32.ActiveCfg = Debug|Win32
		{1A59C6A3-2169-4B39-9ABC-94C411E21F3D}.Debug|Win32.Build.0 = Debug|Win32
		{1A59C6A3-2169-4B39-9ABC-94C411E21F3D}.Release|Win32.ActiveCfg = Release|Win32
		{1A59C6A3-2169-4B39-9ABC-94C411E21F3D}.Release|Win32.Build.0 = Release|Win32
		{8E447303-073A-4162-A6BE-844804A90DD1}.Debug|Win32.ActiveCfg = Debug|Win32
		{8E447303-073A-4162-A6BE-844804A90DD1}.Debug|Win32.Build.0 = Debug|Win32
		{8E447303-073A-4162-A6BE-844804A90DD1}.Release|Win32.ActiveCfg = Release|Win32
	EndGlobalSection
	GlobalSection(SolutionProperties) = preSolution
		HideSolutionNode = FALSE
	EndGlobalSection
EndGlobal
